
Microsoft Visual Studio Solution File, Format Version 12.00
# Visual Studio Version 17
VisualStudioVersion = 17.3.32929.385
MinimumVisualStudioVersion = 10.0.40219.1
Project("{888888A0-9F3D-457C-B088-3A5042F75D52}") = "chp5exmp", "chp5exmp.pyproj", "{53648F90-738A-4777-81E3-0BA0AA845FC5}"
EndProject
Global
	GlobalSection(SolutionConfigurationPlatforms) = preSolution
		Debug|Any CPU = Debug|Any CPU
		Release|Any CPU = Release|Any CPU
	EndGlobalSection
	GlobalSection(ProjectConfigurationPlatforms) = postSolution
		{53648F90-738A-4777-81E3-0BA0AA845FC5}.Debug|Any CPU.ActiveCfg = Debug|Any CPU
		{53648F90-738A-4777-81E3-0BA0AA845FC5}.Release|Any CPU.ActiveCfg = Release|Any CPU
	EndGlobalSection
	GlobalSection(SolutionProperties) = preSolution
		HideSolutionNode = FALSE
	EndGlobalSection
	GlobalSection(ExtensibilityGlobals) = postSolution
		SolutionGuid = {396C9696-1D12-407A-8C93-6E17068A6B47}
	EndGlobalSection
EndGlobal
