
Microsoft Visual Studio Solution File, Format Version 12.00
# Visual Studio Version 17
VisualStudioVersion = 17.3.32929.385
MinimumVisualStudioVersion = 10.0.40219.1
Project("{888888A0-9F3D-457C-B088-3A5042F75D52}") = "chapter_9", "chapter_9.pyproj", "{3D6CAEE7-7135-4A99-B7E4-FDDED79E7B97}"
EndProject
Global
	GlobalSection(SolutionConfigurationPlatforms) = preSolution
		Debug|Any CPU = Debug|Any CPU
		Release|Any CPU = Release|Any CPU
	EndGlobalSection
	GlobalSection(ProjectConfigurationPlatforms) = postSolution
		{3D6CAEE7-7135-4A99-B7E4-FDDED79E7B97}.Debug|Any CPU.ActiveCfg = Debug|Any CPU
		{3D6CAEE7-7135-4A99-B7E4-FDDED79E7B97}.Release|Any CPU.ActiveCfg = Release|Any CPU
	EndGlobalSection
	GlobalSection(SolutionProperties) = preSolution
		HideSolutionNode = FALSE
	EndGlobalSection
	GlobalSection(ExtensibilityGlobals) = postSolution
		SolutionGuid = {54E157FA-1410-4379-8F38-B11E96B9AA8B}
	EndGlobalSection
EndGlobal
