
Microsoft Visual Studio Solution File, Format Version 12.00
# Visual Studio Version 17
VisualStudioVersion = 17.3.32922.545
MinimumVisualStudioVersion = 10.0.40219.1
Project("{888888A0-9F3D-457C-B088-3A5042F75D52}") = "chapter5_2", "chapter5_2.pyproj", "{D008E5B9-AD0B-47EB-90C0-4CE9E195D368}"
EndProject
Global
	GlobalSection(SolutionConfigurationPlatforms) = preSolution
		Debug|Any CPU = Debug|Any CPU
		Release|Any CPU = Release|Any CPU
	EndGlobalSection
	GlobalSection(ProjectConfigurationPlatforms) = postSolution
		{D008E5B9-AD0B-47EB-90C0-4CE9E195D368}.Debug|Any CPU.ActiveCfg = Debug|Any CPU
		{D008E5B9-AD0B-47EB-90C0-4CE9E195D368}.Release|Any CPU.ActiveCfg = Release|Any CPU
	EndGlobalSection
	GlobalSection(SolutionProperties) = preSolution
		HideSolutionNode = FALSE
	EndGlobalSection
	GlobalSection(ExtensibilityGlobals) = postSolution
		SolutionGuid = {4B59695B-BD05-4469-B959-249A99FB0062}
	EndGlobalSection
EndGlobal
